
Microsoft Visual Studio Solution File, Format Version 12.00
# Visual Studio Version 16
VisualStudioVersion = 16.0.29009.5
MinimumVisualStudioVersion = 10.0.40219.1
Project("{FAE04EC0-301F-11D3-BF4B-00C04F79EFBC}") = "Admin12webapp1", "Admin12webapp1\Admin12webapp1.csproj", "{115B7003-298F-4FC1-88E1-12D3F8020418}"
EndProject
Global
	GlobalSection(SolutionConfigurationPlatforms) = preSolution
		Debug|Any CPU = Debug|Any CPU
		Release|Any CPU = Release|Any CPU
	EndGlobalSection
	GlobalSection(ProjectConfigurationPlatforms) = postSolution
		{115B7003-298F-4FC1-88E1-12D3F8020418}.Debug|Any CPU.ActiveCfg = Debug|Any CPU
		{115B7003-298F-4FC1-88E1-12D3F8020418}.Debug|Any CPU.Build.0 = Debug|Any CPU
		{115B7003-298F-4FC1-88E1-12D3F8020418}.Release|Any CPU.ActiveCfg = Release|Any CPU
		{115B7003-298F-4FC1-88E1-12D3F8020418}.Release|Any CPU.Build.0 = Release|Any CPU
	EndGlobalSection
	GlobalSection(SolutionProperties) = preSolution
		HideSolutionNode = FALSE
	EndGlobalSection
	GlobalSection(ExtensibilityGlobals) = postSolution
		SolutionGuid = {0F342315-CC93-4817-8CF5-EE796EEAC9E3}
	EndGlobalSection
EndGlobal
